# This file is automatically @generated by Cargo.
# It is not intended for manual editing.
version = 4

[[package]]
name = "rizzma"
version = "0.0.1"

[[package]]
name = "rizzma-3d"
version = "0.0.0"

[[package]]
name = "rizzma-artist"
version = "0.0.0"

[[package]]
name = "rizzma-axis"
version = "0.0.0"

[[package]]
name = "rizzma-core"
version = "0.0.0"

[[package]]
name = "rizzma-figure"
version = "0.0.0"

[[package]]
name = "rizzma-mathtext"
version = "0.0.0"

[[package]]
name = "rizzma-plot"
version = "0.0.0"

[[package]]
name = "rizzma-pyplot"
version = "0.0.0"

[[package]]
name = "rizzma-render"
version = "0.0.0"

[[package]]
name = "rizzma-skia"
version = "0.0.0"

[[package]]
name = "rizzma-svg"
version = "0.0.0"

[[package]]
name = "rizzma-text"
version = "0.0.0"

[[package]]
name = "rizzma-wasm"
version = "0.0.0"
